
Microsoft Visual Studio Solution File, Format Version 12.00
# Visual Studio Version 17
VisualStudioVersion = 17.5.33627.172
MinimumVisualStudioVersion = 10.0.40219.1
Project("{FAE04EC0-301F-11D3-BF4B-00C04F79EFBC}") = "ConsoleApp12023", "ConsoleApp12023\ConsoleApp12023.csproj", "{079A7F95-C907-467E-BD5E-A4C2E0616554}"
EndProject
Global
	GlobalSection(SolutionConfigurationPlatforms) = preSolution
		Debug|Any CPU = Debug|Any CPU
		Release|Any CPU = Release|Any CPU
	EndGlobalSection
	GlobalSection(ProjectConfigurationPlatforms) = postSolution
		{079A7F95-C907-467E-BD5E-A4C2E0616554}.Debug|Any CPU.ActiveCfg = Debug|Any CPU
		{079A7F95-C907-467E-BD5E-A4C2E0616554}.Debug|Any CPU.Build.0 = Debug|Any CPU
		{079A7F95-C907-467E-BD5E-A4C2E0616554}.Release|Any CPU.ActiveCfg = Release|Any CPU
		{079A7F95-C907-467E-BD5E-A4C2E0616554}.Release|Any CPU.Build.0 = Release|Any CPU
	EndGlobalSection
	GlobalSection(SolutionProperties) = preSolution
		HideSolutionNode = FALSE
	EndGlobalSection
	GlobalSection(ExtensibilityGlobals) = postSolution
		SolutionGuid = {B580B669-637C-45B9-A573-B9F4F146B557}
	EndGlobalSection
EndGlobal
